// !$*UTF8*$!
{
	archiveVersion = 1;
	classes = {
	};
	objectVersion = 50;
	objects = {

/* Begin PBXBuildFile section */
		2D28BABA268C8C0C002B0B87 /* AppDelegate.swift in Sources */ = {isa = PBXBuildFile; fileRef = 2D28BAB9268C8C0C002B0B87 /* AppDelegate.swift */; };
		2D28BABC268C8C0C002B0B87 /* SceneDelegate.swift in Sources */ = {isa = PBXBuildFile; fileRef = 2D28BABB268C8C0C002B0B87 /* SceneDelegate.swift */; };
		2D28BABE268C8C0C002B0B87 /* ViewController.swift in Sources */ = {isa = PBXBuildFile; fileRef = 2D28BABD268C8C0C002B0B87 /* ViewController.swift */; };
		2D28BAC1268C8C0C002B0B87 /* Main.storyboard in Resources */ = {isa = PBXBuildFile; fileRef = 2D28BABF268C8C0C002B0B87 /* Main.storyboard */; };
		2D28BAC4268C8C0C002B0B87 /* weatherApp.xcdatamodeld in Sources */ = {isa = PBXBuildFile; fileRef = 2D28BAC2268C8C0C002B0B87 /* weatherApp.xcdatamodeld */; };
		2D28BAC6268C8C0F002B0B87 /* Assets.xcassets in Resources */ = {isa = PBXBuildFile; fileRef = 2D28BAC5268C8C0F002B0B87 /* Assets.xcassets */; };
		2D28BAC9268C8C0F002B0B87 /* LaunchScreen.storyboard in Resources */ = {isa = PBXBuildFile; fileRef = 2D28BAC7268C8C0F002B0B87 /* LaunchScreen.storyboard */; };
		2D28BAD4268C8C0F002B0B87 /* weatherAppTests.swift in Sources */ = {isa = PBXBuildFile; fileRef = 2D28BAD3268C8C0F002B0B87 /* weatherAppTests.swift */; };
		2D28BADF268C8C0F002B0B87 /* weatherAppUITests.swift in Sources */ = {isa = PBXBuildFile; fileRef = 2D28BADE268C8C0F002B0B87 /* weatherAppUITests.swift */; };
/* End PBXBuildFile section */

/* Begin PBXContainerItemProxy section */
		2D28BAD0268C8C0F002B0B87 /* PBXContainerItemProxy */ = {
			isa = PBXContainerItemProxy;
			containerPortal = 2D28BAAE268C8C0C002B0B87 /* Project object */;
			proxyType = 1;
			remoteGlobalIDString = 2D28BAB5268C8C0C002B0B87;
			remoteInfo = weatherApp;
		};
		2D28BADB268C8C0F002B0B87 /* PBXContainerItemProxy */ = {
			isa = PBXContainerItemProxy;
			containerPortal = 2D28BAAE268C8C0C002B0B87 /* Project object */;
			proxyType = 1;
			remoteGlobalIDString = 2D28BAB5268C8C0C002B0B87;
			remoteInfo = weatherApp;
		};
/* End PBXContainerItemProxy section */

/* Begin PBXFileReference section */
		2D28BAB6268C8C0C002B0B87 /* weatherApp.app */ = {isa = PBXFileReference; explicitFileType = wrapper.application; includeInIndex = 0; path = weatherApp.app; sourceTree = BUILT_PRODUCTS_DIR; };
		2D28BAB9268C8C0C002B0B87 /* AppDelegate.swift */ = {isa = PBXFileReference; lastKnownFileType = sourcecode.swift; path = AppDelegate.swift; sourceTree = "<group>"; };
		2D28BABB268C8C0C002B0B87 /* SceneDelegate.swift */ = {isa = PBXFileReference; lastKnownFileType = sourcecode.swift; path = SceneDelegate.swift; sourceTree = "<group>"; };
		2D28BABD268C8C0C002B0B87 /* ViewController.swift */ = {isa = PBXFileReference; lastKnownFileType = sourcecode.swift; path = ViewController.swift; sourceTree = "<group>"; };
		2D28BAC0268C8C0C002B0B87 /* Base */ = {isa = PBXFileReference; lastKnownFileType = file.storyboard; name = Base; path = Base.lproj/Main.storyboard; sourceTree = "<group>"; };
		2D28BAC3268C8C0C002B0B87 /* weatherApp.xcdatamodel */ = {isa = PBXFileReference; lastKnownFileType = wrapper.xcdatamodel; path = weatherApp.xcdatamodel; sourceTree = "<group>"; };
		2D28BAC5268C8C0F002B0B87 /* Assets.xcassets */ = {isa = PBXFileReference; lastKnownFileType = folder.assetcatalog; path = Assets.xcassets; sourceTree = "<group>"; };
		2D28BAC8268C8C0F002B0B87 /* Base */ = {isa = PBXFileReference; lastKnownFileType = file.storyboard; name = Base; path = Base.lproj/LaunchScreen.storyboard; sourceTree = "<group>"; };
		2D28BACA268C8C0F002B0B87 /* Info.plist */ = {isa = PBXFileReference; lastKnownFileType = text.plist.xml; path = Info.plist; sourceTree = "<group>"; };
		2D28BACF268C8C0F002B0B87 /* weatherAppTests.xctest */ = {isa = PBXFileReference; explicitFileType = wrapper.cfbundle; includeInIndex = 0; path = weatherAppTests.xctest; sourceTree = BUILT_PRODUCTS_DIR; };
		2D28BAD3268C8C0F002B0B87 /* weatherAppTests.swift */ = {isa = PBXFileReference; lastKnownFileType = sourcecode.swift; path = weatherAppTests.swift; sourceTree = "<group>"; };
		2D28BAD5268C8C0F002B0B87 /* Info.plist */ = {isa = PBXFileReference; lastKnownFileType = text.plist.xml; path = Info.plist; sourceTree = "<group>"; };
		2D28BADA268C8C0F002B0B87 /* weatherAppUITests.xctest */ = {isa = PBXFileReference; explicitFileType = wrapper.cfbundle; includeInIndex = 0; path = weatherAppUITests.xctest; sourceTree = BUILT_PRODUCTS_DIR; };
		2D28BADE268C8C0F002B0B87 /* weatherAppUITests.swift */ = {isa = PBXFileReference; lastKnownFileType = sourcecode.swift; path = weatherAppUITests.swift; sourceTree = "<group>"; };
		2D28BAE0268C8C0F002B0B87 /* Info.plist */ = {isa = PBXFileReference; lastKnownFileType = text.plist.xml; path = Info.plist; sourceTree = "<group>"; };
/* End PBXFileReference section */

/* Begin PBXFrameworksBuildPhase section */
		2D28BAB3268C8C0C002B0B87 /* Frameworks */ = {
			isa = PBXFrameworksBuildPhase;
			buildActionMask = 2147483647;
			files = (
			);
			runOnlyForDeploymentPostprocessing = 0;
		};
		2D28BACC268C8C0F002B0B87 /* Frameworks */ = {
			isa = PBXFrameworksBuildPhase;
			buildActionMask = 2147483647;
			files = (
			);
			runOnlyForDeploymentPostprocessing = 0;
		};
		2D28BAD7268C8C0F002B0B87 /* Frameworks */ = {
			isa = PBXFrameworksBuildPhase;
			buildActionMask = 2147483647;
			files = (
			);
			runOnlyForDeploymentPostprocessing = 0;
		};
/* End PBXFrameworksBuildPhase section */

/* Begin PBXGroup section */
		2D28BAAD268C8C0C002B0B87 = {
			isa = PBXGroup;
			children = (
				2D28BAB8268C8C0C002B0B87 /* weatherApp */,
				2D28BAD2268C8C0F002B0B87 /* weatherAppTests */,
				2D28BADD268C8C0F002B0B87 /* weatherAppUITests */,
				2D28BAB7268C8C0C002B0B87 /* Products */,
			);
			sourceTree = "<group>";
		};
		2D28BAB7268C8C0C002B0B87 /* Products */ = {
			isa = PBXGroup;
			children = (
				2D28BAB6268C8C0C002B0B87 /* weatherApp.app */,
				2D28BACF268C8C0F002B0B87 /* weatherAppTests.xctest */,
				2D28BADA268C8C0F002B0B87 /* weatherAppUITests.xctest */,
			);
			name = Products;
			sourceTree = "<group>";
		};
		2D28BAB8268C8C0C002B0B87 /* weatherApp */ = {
			isa = PBXGroup;
			children = (
				2D28BAB9268C8C0C002B0B87 /* AppDelegate.swift */,
				2D28BABB268C8C0C002B0B87 /* SceneDelegate.swift */,
				2D28BABD268C8C0C002B0B87 /* ViewController.swift */,
				2D28BABF268C8C0C002B0B87 /* Main.storyboard */,
				2D28BAC5268C8C0F002B0B87 /* Assets.xcassets */,
				2D28BAC7268C8C0F002B0B87 /* LaunchScreen.storyboard */,
				2D28BACA268C8C0F002B0B87 /* Info.plist */,
				2D28BAC2268C8C0C002B0B87 /* weatherApp.xcdatamodeld */,
			);
			path = weatherApp;
			sourceTree = "<group>";
		};
		2D28BAD2268C8C0F002B0B87 /* weatherAppTests */ = {
			isa = PBXGroup;
			children = (
				2D28BAD3268C8C0F002B0B87 /* weatherAppTests.swift */,
				2D28BAD5268C8C0F002B0B87 /* Info.plist */,
			);
			path = weatherAppTests;
			sourceTree = "<group>";
		};
		2D28BADD268C8C0F002B0B87 /* weatherAppUITests */ = {
			isa = PBXGroup;
			children = (
				2D28BADE268C8C0F002B0B87 /* weatherAppUITests.swift */,
				2D28BAE0268C8C0F002B0B87 /* Info.plist */,
			);
			path = weatherAppUITests;
			sourceTree = "<group>";
		};
/* End PBXGroup section */

/* Begin PBXNativeTarget section */
		2D28BAB5268C8C0C002B0B87 /* weatherApp */ = {
			isa = PBXNativeTarget;
			buildConfigurationList = 2D28BAE3268C8C0F002B0B87 /* Build configuration list for PBXNativeTarget "weatherApp" */;
			buildPhases = (
				2D28BAB2268C8C0C002B0B87 /* Sources */,
				2D28BAB3268C8C0C002B0B87 /* Frameworks */,
				2D28BAB4268C8C0C002B0B87 /* Resources */,
			);
			buildRules = (
			);
			dependencies = (
			);
			name = weatherApp;
			productName = weatherApp;
			productReference = 2D28BAB6268C8C0C002B0B87 /* weatherApp.app */;
			productType = "com.apple.product-type.application";
		};
		2D28BACE268C8C0F002B0B87 /* weatherAppTests */ = {
			isa = PBXNativeTarget;
			buildConfigurationList = 2D28BAE6268C8C0F002B0B87 /* Build configuration list for PBXNativeTarget "weatherAppTests" */;
			buildPhases = (
				2D28BACB268C8C0F002B0B87 /* Sources */,
				2D28BACC268C8C0F002B0B87 /* Frameworks */,
				2D28BACD268C8C0F002B0B87 /* Resources */,
			);
			buildRules = (
			);
			dependencies = (
				2D28BAD1268C8C0F002B0B87 /* PBXTargetDependency */,
			);
			name = weatherAppTests;
			productName = weatherAppTests;
			productReference = 2D28BACF268C8C0F002B0B87 /* weatherAppTests.xctest */;
			productType = "com.apple.product-type.bundle.unit-test";
		};
		2D28BAD9268C8C0F002B0B87 /* weatherAppUITests */ = {
			isa = PBXNativeTarget;
			buildConfigurationList = 2D28BAE9268C8C0F002B0B87 /* Build configuration list for PBXNativeTarget "weatherAppUITests" */;
			buildPhases = (
				2D28BAD6268C8C0F002B0B87 /* Sources */,
				2D28BAD7268C8C0F002B0B87 /* Frameworks */,
				2D28BAD8268C8C0F002B0B87 /* Resources */,
			);
			buildRules = (
			);
			dependencies = (
				2D28BADC268C8C0F002B0B87 /* PBXTargetDependency */,
			);
			name = weatherAppUITests;
			productName = weatherAppUITests;
			productReference = 2D28BADA268C8C0F002B0B87 /* weatherAppUITests.xctest */;
			productType = "com.apple.product-type.bundle.ui-testing";
		};
/* End PBXNativeTarget section */

/* Begin PBXProject section */
		2D28BAAE268C8C0C002B0B87 /* Project object */ = {
			isa = PBXProject;
			attributes = {
				LastSwiftUpdateCheck = 1170;
				LastUpgradeCheck = 1170;
				ORGANIZATIONNAME = Damian;
				TargetAttributes = {
					2D28BAB5268C8C0C002B0B87 = {
						CreatedOnToolsVersion = 11.7;
					};
					2D28BACE268C8C0F002B0B87 = {
						CreatedOnToolsVersion = 11.7;
						TestTargetID = 2D28BAB5268C8C0C002B0B87;
					};
					2D28BAD9268C8C0F002B0B87 = {
						CreatedOnToolsVersion = 11.7;
						TestTargetID = 2D28BAB5268C8C0C002B0B87;
					};
				};
			};
			buildConfigurationList = 2D28BAB1268C8C0C002B0B87 /* Build configuration list for PBXProject "weatherApp" */;
			compatibilityVersion = "Xcode 9.3";
			developmentRegion = en;
			hasScannedForEncodings = 0;
			knownRegions = (
				en,
				Base,
			);
			mainGroup = 2D28BAAD268C8C0C002B0B87;
			productRefGroup = 2D28BAB7268C8C0C002B0B87 /* Products */;
			projectDirPath = "";
			projectRoot = "";
			targets = (
				2D28BAB5268C8C0C002B0B87 /* weatherApp */,
				2D28BACE268C8C0F002B0B87 /* weatherAppTests */,
				2D28BAD9268C8C0F002B0B87 /* weatherAppUITests */,
			);
		};
/* End PBXProject section */

/* Begin PBXResourcesBuildPhase section */
		2D28BAB4268C8C0C002B0B87 /* Resources */ = {
			isa = PBXResourcesBuildPhase;
			buildActionMask = 2147483647;
			files = (
				2D28BAC9268C8C0F002B0B87 /* LaunchScreen.storyboard in Resources */,
				2D28BAC6268C8C0F002B0B87 /* Assets.xcassets in Resources */,
				2D28BAC1268C8C0C002B0B87 /* Main.storyboard in Resources */,
			);
			runOnlyForDeploymentPostprocessing = 0;
		};
		2D28BACD268C8C0F002B0B87 /* Resources */ = {
			isa = PBXResourcesBuildPhase;
			buildActionMask = 2147483647;
			files = (
			);
			runOnlyForDeploymentPostprocessing = 0;
		};
		2D28BAD8268C8C0F002B0B87 /* Resources */ = {
			isa = PBXResourcesBuildPhase;
			buildActionMask = 2147483647;
			files = (
			);
			runOnlyForDeploymentPostprocessing = 0;
		};
/* End PBXResourcesBuildPhase section */

/* Begin PBXSourcesBuildPhase section */
		2D28BAB2268C8C0C002B0B87 /* Sources */ = {
			isa = PBXSourcesBuildPhase;
			buildActionMask = 2147483647;
			files = (
				2D28BAC4268C8C0C002B0B87 /* weatherApp.xcdatamodeld in Sources */,
				2D28BABE268C8C0C002B0B87 /* ViewController.swift in Sources */,
				2D28BABA268C8C0C002B0B87 /* AppDelegate.swift in Sources */,
				2D28BABC268C8C0C002B0B87 /* SceneDelegate.swift in Sources */,
			);
			runOnlyForDeploymentPostprocessing = 0;
		};
		2D28BACB268C8C0F002B0B87 /* Sources */ = {
			isa = PBXSourcesBuildPhase;
			buildActionMask = 2147483647;
			files = (
				2D28BAD4268C8C0F002B0B87 /* weatherAppTests.swift in Sources */,
			);
			runOnlyForDeploymentPostprocessing = 0;
		};
		2D28BAD6268C8C0F002B0B87 /* Sources */ = {
			isa = PBXSourcesBuildPhase;
			buildActionMask = 2147483647;
			files = (
				2D28BADF268C8C0F002B0B87 /* weatherAppUITests.swift in Sources */,
			);
			runOnlyForDeploymentPostprocessing = 0;
		};
/* End PBXSourcesBuildPhase section */

/* Begin PBXTargetDependency section */
		2D28BAD1268C8C0F002B0B87 /* PBXTargetDependency */ = {
			isa = PBXTargetDependency;
			target = 2D28BAB5268C8C0C002B0B87 /* weatherApp */;
			targetProxy = 2D28BAD0268C8C0F002B0B87 /* PBXContainerItemProxy */;
		};
		2D28BADC268C8C0F002B0B87 /* PBXTargetDependency */ = {
			isa = PBXTargetDependency;
			target = 2D28BAB5268C8C0C002B0B87 /* weatherApp */;
			targetProxy = 2D28BADB268C8C0F002B0B87 /* PBXContainerItemProxy */;
		};
/* End PBXTargetDependency section */

/* Begin PBXVariantGroup section */
		2D28BABF268C8C0C002B0B87 /* Main.storyboard */ = {
			isa = PBXVariantGroup;
			children = (
				2D28BAC0268C8C0C002B0B87 /* Base */,
			);
			name = Main.storyboard;
			sourceTree = "<group>";
		};
		2D28BAC7268C8C0F002B0B87 /* LaunchScreen.storyboard */ = {
			isa = PBXVariantGroup;
			children = (
				2D28BAC8268C8C0F002B0B87 /* Base */,
			);
			name = LaunchScreen.storyboard;
			sourceTree = "<group>";
		};
/* End PBXVariantGroup section */

/* Begin XCBuildConfiguration section */
		2D28BAE1268C8C0F002B0B87 /* Debug */ = {
			isa = XCBuildConfiguration;
			buildSettings = {
				ALWAYS_SEARCH_USER_PATHS = NO;
				CLANG_ANALYZER_NONNULL = YES;
				CLANG_ANALYZER_NUMBER_OBJECT_CONVERSION = YES_AGGRESSIVE;
				CLANG_CXX_LANGUAGE_STANDARD = "gnu++14";
				CLANG_CXX_LIBRARY = "libc++";
				CLANG_ENABLE_MODULES = YES;
				CLANG_ENABLE_OBJC_ARC = YES;
				CLANG_ENABLE_OBJC_WEAK = YES;
				CLANG_WARN_BLOCK_CAPTURE_AUTORELEASING = YES;
				CLANG_WARN_BOOL_CONVERSION = YES;
				CLANG_WARN_COMMA = YES;
				CLANG_WARN_CONSTANT_CONVERSION = YES;
				CLANG_WARN_DEPRECATED_OBJC_IMPLEMENTATIONS = YES;
				CLANG_WARN_DIRECT_OBJC_ISA_USAGE = YES_ERROR;
				CLANG_WARN_DOCUMENTATION_COMMENTS = YES;
				CLANG_WARN_EMPTY_BODY = YES;
				CLANG_WARN_ENUM_CONVERSION = YES;
				CLANG_WARN_INFINITE_RECURSION = YES;
				CLANG_WARN_INT_CONVERSION = YES;
				CLANG_WARN_NON_LITERAL_NULL_CONVERSION = YES;
				CLANG_WARN_OBJC_IMPLICIT_RETAIN_SELF = YES;
				CLANG_WARN_OBJC_LITERAL_CONVERSION = YES;
				CLANG_WARN_OBJC_ROOT_CLASS = YES_ERROR;
				CLANG_WARN_RANGE_LOOP_ANALYSIS = YES;
				CLANG_WARN_STRICT_PROTOTYPES = YES;
				CLANG_WARN_SUSPICIOUS_MOVE = YES;
				CLANG_WARN_UNGUARDED_AVAILABILITY = YES_AGGRESSIVE;
				CLANG_WARN_UNREACHABLE_CODE = YES;
				CLANG_WARN__DUPLICATE_METHOD_MATCH = YES;
				COPY_PHASE_STRIP = NO;
				DEBUG_INFORMATION_FORMAT = dwarf;
				ENABLE_STRICT_OBJC_MSGSEND = YES;
				ENABLE_TESTABILITY = YES;
				GCC_C_LANGUAGE_STANDARD = gnu11;
				GCC_DYNAMIC_NO_PIC = NO;
				GCC_NO_COMMON_BLOCKS = YES;
				GCC_OPTIMIZATION_LEVEL = 0;
				GCC_PREPROCESSOR_DEFINITIONS = (
					"DEBUG=1",
					"$(inherited)",
				);
				GCC_WARN_64_TO_32_BIT_CONVERSION = YES;
				GCC_WARN_ABOUT_RETURN_TYPE = YES_ERROR;
				GCC_WARN_UNDECLARED_SELECTOR = YES;
				GCC_WARN_UNINITIALIZED_AUTOS = YES_AGGRESSIVE;
				GCC_WARN_UNUSED_FUNCTION = YES;
				GCC_WARN_UNUSED_VARIABLE = YES;
				IPHONEOS_DEPLOYMENT_TARGET = 13.7;
				MTL_ENABLE_DEBUG_INFO = INCLUDE_SOURCE;
				MTL_FAST_MATH = YES;
				ONLY_ACTIVE_ARCH = YES;
				SDKROOT = iphoneos;
				SWIFT_ACTIVE_COMPILATION_CONDITIONS = DEBUG;
				SWIFT_OPTIMIZATION_LEVEL = "-Onone";
			};
			name = Debug;
		};
		2D28BAE2268C8C0F002B0B87 /* Release */ = {
			isa = XCBuildConfiguration;
			buildSettings = {
				ALWAYS_SEARCH_USER_PATHS = NO;
				CLANG_ANALYZER_NONNULL = YES;
				CLANG_ANALYZER_NUMBER_OBJECT_CONVERSION = YES_AGGRESSIVE;
				CLANG_CXX_LANGUAGE_STANDARD = "gnu++14";
				CLANG_CXX_LIBRARY = "libc++";
				CLANG_ENABLE_MODULES = YES;
				CLANG_ENABLE_OBJC_ARC = YES;
				CLANG_ENABLE_OBJC_WEAK = YES;
				CLANG_WARN_BLOCK_CAPTURE_AUTORELEASING = YES;
				CLANG_WARN_BOOL_CONVERSION = YES;
				CLANG_WARN_COMMA = YES;
				CLANG_WARN_CONSTANT_CONVERSION = YES;
				CLANG_WARN_DEPRECATED_OBJC_IMPLEMENTATIONS = YES;
				CLANG_WARN_DIRECT_OBJC_ISA_USAGE = YES_ERROR;
				CLANG_WARN_DOCUMENTATION_COMMENTS = YES;
				CLANG_WARN_EMPTY_BODY = YES;
				CLANG_WARN_ENUM_CONVERSION = YES;
				CLANG_WARN_INFINITE_RECURSION = YES;
				CLANG_WARN_INT_CONVERSION = YES;
				CLANG_WARN_NON_LITERAL_NULL_CONVERSION = YES;
				CLANG_WARN_OBJC_IMPLICIT_RETAIN_SELF = YES;
				CLANG_WARN_OBJC_LITERAL_CONVERSION = YES;
				CLANG_WARN_OBJC_ROOT_CLASS = YES_ERROR;
				CLANG_WARN_RANGE_LOOP_ANALYSIS = YES;
				CLANG_WARN_STRICT_PROTOTYPES = YES;
				CLANG_WARN_SUSPICIOUS_MOVE = YES;
				CLANG_WARN_UNGUARDED_AVAILABILITY = YES_AGGRESSIVE;
				CLANG_WARN_UNREACHABLE_CODE = YES;
				CLANG_WARN__DUPLICATE_METHOD_MATCH = YES;
				COPY_PHASE_STRIP = NO;
				DEBUG_INFORMATION_FORMAT = "dwarf-with-dsym";
				ENABLE_NS_ASSERTIONS = NO;
				ENABLE_STRICT_OBJC_MSGSEND = YES;
				GCC_C_LANGUAGE_STANDARD = gnu11;
				GCC_NO_COMMON_BLOCKS = YES;
				GCC_WARN_64_TO_32_BIT_CONVERSION = YES;
				GCC_WARN_ABOUT_RETURN_TYPE = YES_ERROR;
				GCC_WARN_UNDECLARED_SELECTOR = YES;
				GCC_WARN_UNINITIALIZED_AUTOS = YES_AGGRESSIVE;
				GCC_WARN_UNUSED_FUNCTION = YES;
				GCC_WARN_UNUSED_VARIABLE = YES;
				IPHONEOS_DEPLOYMENT_TARGET = 13.7;
				MTL_ENABLE_DEBUG_INFO = NO;
				MTL_FAST_MATH = YES;
				SDKROOT = iphoneos;
				SWIFT_COMPILATION_MODE = wholemodule;
				SWIFT_OPTIMIZATION_LEVEL = "-O";
				VALIDATE_PRODUCT = YES;
			};
			name = Release;
		};
		2D28BAE4268C8C0F002B0B87 /* Debug */ = {
			isa = XCBuildConfiguration;
			buildSettings = {
				ASSETCATALOG_COMPILER_APPICON_NAME = AppIcon;
				CODE_SIGN_STYLE = Automatic;
				DEVELOPMENT_TEAM = 8T75XLGMW2;
				INFOPLIST_FILE = weatherApp/Info.plist;
				LD_RUNPATH_SEARCH_PATHS = (
					"$(inherited)",
					"@executable_path/Frameworks",
				);
				PRODUCT_BUNDLE_IDENTIFIER = D.weatherApp;
				PRODUCT_NAME = "$(TARGET_NAME)";
				SWIFT_VERSION = 5.0;
				TARGETED_DEVICE_FAMILY = "1,2";
			};
			name = Debug;
		};
		2D28BAE5268C8C0F002B0B87 /* Release */ = {
			isa = XCBuildConfiguration;
			buildSettings = {
				ASSETCATALOG_COMPILER_APPICON_NAME = AppIcon;
				CODE_SIGN_STYLE = Automatic;
				DEVELOPMENT_TEAM = 8T75XLGMW2;
				INFOPLIST_FILE = weatherApp/Info.plist;
				LD_RUNPATH_SEARCH_PATHS = (
					"$(inherited)",
					"@executable_path/Frameworks",
				);
				PRODUCT_BUNDLE_IDENTIFIER = D.weatherApp;
				PRODUCT_NAME = "$(TARGET_NAME)";
				SWIFT_VERSION = 5.0;
				TARGETED_DEVICE_FAMILY = "1,2";
			};
			name = Release;
		};
		2D28BAE7268C8C0F002B0B87 /* Debug */ = {
			isa = XCBuildConfiguration;
			buildSettings = {
				ALWAYS_EMBED_SWIFT_STANDARD_LIBRARIES = YES;
				BUNDLE_LOADER = "$(TEST_HOST)";
				CODE_SIGN_STYLE = Automatic;
				DEVELOPMENT_TEAM = 8T75XLGMW2;
				INFOPLIST_FILE = weatherAppTests/Info.plist;
				IPHONEOS_DEPLOYMENT_TARGET = 13.7;
				LD_RUNPATH_SEARCH_PATHS = (
					"$(inherited)",
					"@executable_path/Frameworks",
					"@loader_path/Frameworks",
				);
				PRODUCT_BUNDLE_IDENTIFIER = D.weatherAppTests;
				PRODUCT_NAME = "$(TARGET_NAME)";
				SWIFT_VERSION = 5.0;
				TARGETED_DEVICE_FAMILY = "1,2";
				TEST_HOST = "$(BUILT_PRODUCTS_DIR)/weatherApp.app/weatherApp";
			};
			name = Debug;
		};
		2D28BAE8268C8C0F002B0B87 /* Release */ = {
			isa = XCBuildConfiguration;
			buildSettings = {
				ALWAYS_EMBED_SWIFT_STANDARD_LIBRARIES = YES;
				BUNDLE_LOADER = "$(TEST_HOST)";
				CODE_SIGN_STYLE = Automatic;
				DEVELOPMENT_TEAM = 8T75XLGMW2;
				INFOPLIST_FILE = weatherAppTests/Info.plist;
				IPHONEOS_DEPLOYMENT_TARGET = 13.7;
				LD_RUNPATH_SEARCH_PATHS = (
					"$(inherited)",
					"@executable_path/Frameworks",
					"@loader_path/Frameworks",
				);
				PRODUCT_BUNDLE_IDENTIFIER = D.weatherAppTests;
				PRODUCT_NAME = "$(TARGET_NAME)";
				SWIFT_VERSION = 5.0;
				TARGETED_DEVICE_FAMILY = "1,2";
				TEST_HOST = "$(BUILT_PRODUCTS_DIR)/weatherApp.app/weatherApp";
			};
			name = Release;
		};
		2D28BAEA268C8C0F002B0B87 /* Debug */ = {
			isa = XCBuildConfiguration;
			buildSettings = {
				ALWAYS_EMBED_SWIFT_STANDARD_LIBRARIES = YES;
				CODE_SIGN_STYLE = Automatic;
				DEVELOPMENT_TEAM = 8T75XLGMW2;
				INFOPLIST_FILE = weatherAppUITests/Info.plist;
				LD_RUNPATH_SEARCH_PATHS = (
					"$(inherited)",
					"@executable_path/Frameworks",
					"@loader_path/Frameworks",
				);
				PRODUCT_BUNDLE_IDENTIFIER = D.weatherAppUITests;
				PRODUCT_NAME = "$(TARGET_NAME)";
				SWIFT_VERSION = 5.0;
				TARGETED_DEVICE_FAMILY = "1,2";
				TEST_TARGET_NAME = weatherApp;
			};
			name = Debug;
		};
		2D28BAEB268C8C0F002B0B87 /* Release */ = {
			isa = XCBuildConfiguration;
			buildSettings = {
				ALWAYS_EMBED_SWIFT_STANDARD_LIBRARIES = YES;
				CODE_SIGN_STYLE = Automatic;
				DEVELOPMENT_TEAM = 8T75XLGMW2;
				INFOPLIST_FILE = weatherAppUITests/Info.plist;
				LD_RUNPATH_SEARCH_PATHS = (
					"$(inherited)",
					"@executable_path/Frameworks",
					"@loader_path/Frameworks",
				);
				PRODUCT_BUNDLE_IDENTIFIER = D.weatherAppUITests;
				PRODUCT_NAME = "$(TARGET_NAME)";
				SWIFT_VERSION = 5.0;
				TARGETED_DEVICE_FAMILY = "1,2";
				TEST_TARGET_NAME = weatherApp;
			};
			name = Release;
		};
/* End XCBuildConfiguration section */

/* Begin XCConfigurationList section */
		2D28BAB1268C8C0C002B0B87 /* Build configuration list for PBXProject "weatherApp" */ = {
			isa = XCConfigurationList;
			buildConfigurations = (
				2D28BAE1268C8C0F002B0B87 /* Debug */,
				2D28BAE2268C8C0F002B0B87 /* Release */,
			);
			defaultConfigurationIsVisible = 0;
			defaultConfigurationName = Release;
		};
		2D28BAE3268C8C0F002B0B87 /* Build configuration list for PBXNativeTarget "weatherApp" */ = {
			isa = XCConfigurationList;
			buildConfigurations = (
				2D28BAE4268C8C0F002B0B87 /* Debug */,
				2D28BAE5268C8C0F002B0B87 /* Release */,
			);
			defaultConfigurationIsVisible = 0;
			defaultConfigurationName = Release;
		};
		2D28BAE6268C8C0F002B0B87 /* Build configuration list for PBXNativeTarget "weatherAppTests" */ = {
			isa = XCConfigurationList;
			buildConfigurations = (
				2D28BAE7268C8C0F002B0B87 /* Debug */,
				2D28BAE8268C8C0F002B0B87 /* Release */,
			);
			defaultConfigurationIsVisible = 0;
			defaultConfigurationName = Release;
		};
		2D28BAE9268C8C0F002B0B87 /* Build configuration list for PBXNativeTarget "weatherAppUITests" */ = {
			isa = XCConfigurationList;
			buildConfigurations = (
				2D28BAEA268C8C0F002B0B87 /* Debug */,
				2D28BAEB268C8C0F002B0B87 /* Release */,
			);
			defaultConfigurationIsVisible = 0;
			defaultConfigurationName = Release;
		};
/* End XCConfigurationList section */

/* Begin XCVersionGroup section */
		2D28BAC2268C8C0C002B0B87 /* weatherApp.xcdatamodeld */ = {
			isa = XCVersionGroup;
			children = (
				2D28BAC3268C8C0C002B0B87 /* weatherApp.xcdatamodel */,
			);
			currentVersion = 2D28BAC3268C8C0C002B0B87 /* weatherApp.xcdatamodel */;
			path = weatherApp.xcdatamodeld;
			sourceTree = "<group>";
			versionGroupType = wrapper.xcdatamodel;
		};
/* End XCVersionGroup section */
	};
	rootObject = 2D28BAAE268C8C0C002B0B87 /* Project object */;
}
